
Microsoft Visual Studio Solution File, Format Version 12.00
# Visual Studio 15
VisualStudioVersion = 15.0.26124.0
MinimumVisualStudioVersion = 15.0.26124.0
Project("{FAE04EC0-301F-11D3-BF4B-00C04F79EFBC}") = "IdentityServer", "IdentityServer\IdentityServer.csproj", "{66C5CB20-8CA5-4230-B29B-88A2342C80BC}"
EndProject
Project("{FAE04EC0-301F-11D3-BF4B-00C04F79EFBC}") = "Api", "Api\Api.csproj", "{E86EAAF7-FFB0-4796-86CD-73F35E3729BE}"
EndProject
Project("{FAE04EC0-301F-11D3-BF4B-00C04F79EFBC}") = "Client", "Client\Client.csproj", "{ABF09FE3-55FB-4DF5-A6FA-A4F16E121A8D}"
EndProject
Global
	GlobalSection(SolutionConfigurationPlatforms) = preSolution
		Debug|Any CPU = Debug|Any CPU
		Debug|x64 = Debug|x64
		Debug|x86 = Debug|x86
		Release|Any CPU = Release|Any CPU
		Release|x64 = Release|x64
		Release|x86 = Release|x86
	EndGlobalSection
	GlobalSection(SolutionProperties) = preSolution
		HideSolutionNode = FALSE
	EndGlobalSection
	GlobalSection(ProjectConfigurationPlatforms) = postSolution
		{66C5CB20-8CA5-4230-B29B-88A2342C80BC}.Debug|Any CPU.ActiveCfg = Debug|Any CPU
		{66C5CB20-8CA5-4230-B29B-88A2342C80BC}.Debug|Any CPU.Build.0 = Debug|Any CPU
		{66C5CB20-8CA5-4230-B29B-88A2342C80BC}.Debug|x64.ActiveCfg = Debug|Any CPU
		{66C5CB20-8CA5-4230-B29B-88A2342C80BC}.Debug|x64.Build.0 = Debug|Any CPU
		{66C5CB20-8CA5-4230-B29B-88A2342C80BC}.Debug|x86.ActiveCfg = Debug|Any CPU
		{66C5CB20-8CA5-4230-B29B-88A2342C80BC}.Debug|x86.Build.0 = Debug|Any CPU
		{66C5CB20-8CA5-4230-B29B-88A2342C80BC}.Release|Any CPU.ActiveCfg = Release|Any CPU
		{66C5CB20-8CA5-4230-B29B-88A2342C80BC}.Release|Any CPU.Build.0 = Release|Any CPU
		{66C5CB20-8CA5-4230-B29B-88A2342C80BC}.Release|x64.ActiveCfg = Release|Any CPU
		{66C5CB20-8CA5-4230-B29B-88A2342C80BC}.Release|x64.Build.0 = Release|Any CPU
		{66C5CB20-8CA5-4230-B29B-88A2342C80BC}.Release|x86.ActiveCfg = Release|Any CPU
		{66C5CB20-8CA5-4230-B29B-88A2342C80BC}.Release|x86.Build.0 = Release|Any CPU
		{E86EAAF7-FFB0-4796-86CD-73F35E3729BE}.Debug|Any CPU.ActiveCfg = Debug|Any CPU
		{E86EAAF7-FFB0-4796-86CD-73F35E3729BE}.Debug|Any CPU.Build.0 = Debug|Any CPU
		{E86EAAF7-FFB0-4796-86CD-73F35E3729BE}.Debug|x64.ActiveCfg = Debug|Any CPU
		{E86EAAF7-FFB0-4796-86CD-73F35E3729BE}.Debug|x64.Build.0 = Debug|Any CPU
		{E86EAAF7-FFB0-4796-86CD-73F35E3729BE}.Debug|x86.ActiveCfg = Debug|Any CPU
		{E86EAAF7-FFB0-4796-86CD-73F35E3729BE}.Debug|x86.Build.0 = Debug|Any CPU
		{E86EAAF7-FFB0-4796-86CD-73F35E3729BE}.Release|Any CPU.ActiveCfg = Release|Any CPU
		{E86EAAF7-FFB0-4796-86CD-73F35E3729BE}.Release|Any CPU.Build.0 = Release|Any CPU
		{E86EAAF7-FFB0-4796-86CD-73F35E3729BE}.Release|x64.ActiveCfg = Release|Any CPU
		{E86EAAF7-FFB0-4796-86CD-73F35E3729BE}.Release|x64.Build.0 = Release|Any CPU
		{E86EAAF7-FFB0-4796-86CD-73F35E3729BE}.Release|x86.ActiveCfg = Release|Any CPU
		{E86EAAF7-FFB0-4796-86CD-73F35E3729BE}.Release|x86.Build.0 = Release|Any CPU
		{ABF09FE3-55FB-4DF5-A6FA-A4F16E121A8D}.Debug|Any CPU.ActiveCfg = Debug|Any CPU
		{ABF09FE3-55FB-4DF5-A6FA-A4F16E121A8D}.Debug|Any CPU.Build.0 = Debug|Any CPU
		{ABF09FE3-55FB-4DF5-A6FA-A4F16E121A8D}.Debug|x64.ActiveCfg = Debug|Any CPU
		{ABF09FE3-55FB-4DF5-A6FA-A4F16E121A8D}.Debug|x64.Build.0 = Debug|Any CPU
		{ABF09FE3-55FB-4DF5-A6FA-A4F16E121A8D}.Debug|x86.ActiveCfg = Debug|Any CPU
		{ABF09FE3-55FB-4DF5-A6FA-A4F16E121A8D}.Debug|x86.Build.0 = Debug|Any CPU
		{ABF09FE3-55FB-4DF5-A6FA-A4F16E121A8D}.Release|Any CPU.ActiveCfg = Release|Any CPU
		{ABF09FE3-55FB-4DF5-A6FA-A4F16E121A8D}.Release|Any CPU.Build.0 = Release|Any CPU
		{ABF09FE3-55FB-4DF5-A6FA-A4F16E121A8D}.Release|x64.ActiveCfg = Release|Any CPU
		{ABF09FE3-55FB-4DF5-A6FA-A4F16E121A8D}.Release|x64.Build.0 = Release|Any CPU
		{ABF09FE3-55FB-4DF5-A6FA-A4F16E121A8D}.Release|x86.ActiveCfg = Release|Any CPU
		{ABF09FE3-55FB-4DF5-A6FA-A4F16E121A8D}.Release|x86.Build.0 = Release|Any CPU
	EndGlobalSection
EndGlobal
