
Microsoft Visual Studio Solution File, Format Version 12.00
# Visual Studio 15
VisualStudioVersion = 15.0.26124.0
MinimumVisualStudioVersion = 15.0.26124.0
Project("{2150E333-8FDC-42A3-9474-1A3956D46DE8}") = "src", "src", "{636947BD-73C3-4247-86EF-87B5913064BC}"
EndProject
Project("{FAE04EC0-301F-11D3-BF4B-00C04F79EFBC}") = "IdentityServer", "src\IdentityServer\IdentityServer.csproj", "{1BA0D59F-C3E3-4B69-8447-3F4F9D3903F3}"
EndProject
Project("{FAE04EC0-301F-11D3-BF4B-00C04F79EFBC}") = "Api", "src\Api\Api.csproj", "{C15158DE-6F74-4345-9127-5E3EE4D2355C}"
EndProject
Project("{FAE04EC0-301F-11D3-BF4B-00C04F79EFBC}") = "JavaScriptClient", "src\JavaScriptClient\JavaScriptClient.csproj", "{51E0F8BB-BF23-4C91-86C7-925A20D2F40C}"
EndProject
Project("{FAE04EC0-301F-11D3-BF4B-00C04F79EFBC}") = "MVCClient", "src\MVCClient\MVCClient.csproj", "{6594797F-B667-47CF-8885-91E4399E7875}"
EndProject
Global
	GlobalSection(SolutionConfigurationPlatforms) = preSolution
		Debug|Any CPU = Debug|Any CPU
		Debug|x64 = Debug|x64
		Debug|x86 = Debug|x86
		Release|Any CPU = Release|Any CPU
		Release|x64 = Release|x64
		Release|x86 = Release|x86
	EndGlobalSection
	GlobalSection(SolutionProperties) = preSolution
		HideSolutionNode = FALSE
	EndGlobalSection
	GlobalSection(ProjectConfigurationPlatforms) = postSolution
		{1BA0D59F-C3E3-4B69-8447-3F4F9D3903F3}.Debug|Any CPU.ActiveCfg = Debug|Any CPU
		{1BA0D59F-C3E3-4B69-8447-3F4F9D3903F3}.Debug|Any CPU.Build.0 = Debug|Any CPU
		{1BA0D59F-C3E3-4B69-8447-3F4F9D3903F3}.Debug|x64.ActiveCfg = Debug|Any CPU
		{1BA0D59F-C3E3-4B69-8447-3F4F9D3903F3}.Debug|x64.Build.0 = Debug|Any CPU
		{1BA0D59F-C3E3-4B69-8447-3F4F9D3903F3}.Debug|x86.ActiveCfg = Debug|Any CPU
		{1BA0D59F-C3E3-4B69-8447-3F4F9D3903F3}.Debug|x86.Build.0 = Debug|Any CPU
		{1BA0D59F-C3E3-4B69-8447-3F4F9D3903F3}.Release|Any CPU.ActiveCfg = Release|Any CPU
		{1BA0D59F-C3E3-4B69-8447-3F4F9D3903F3}.Release|Any CPU.Build.0 = Release|Any CPU
		{1BA0D59F-C3E3-4B69-8447-3F4F9D3903F3}.Release|x64.ActiveCfg = Release|Any CPU
		{1BA0D59F-C3E3-4B69-8447-3F4F9D3903F3}.Release|x64.Build.0 = Release|Any CPU
		{1BA0D59F-C3E3-4B69-8447-3F4F9D3903F3}.Release|x86.ActiveCfg = Release|Any CPU
		{1BA0D59F-C3E3-4B69-8447-3F4F9D3903F3}.Release|x86.Build.0 = Release|Any CPU
		{C15158DE-6F74-4345-9127-5E3EE4D2355C}.Debug|Any CPU.ActiveCfg = Debug|Any CPU
		{C15158DE-6F74-4345-9127-5E3EE4D2355C}.Debug|Any CPU.Build.0 = Debug|Any CPU
		{C15158DE-6F74-4345-9127-5E3EE4D2355C}.Debug|x64.ActiveCfg = Debug|Any CPU
		{C15158DE-6F74-4345-9127-5E3EE4D2355C}.Debug|x64.Build.0 = Debug|Any CPU
		{C15158DE-6F74-4345-9127-5E3EE4D2355C}.Debug|x86.ActiveCfg = Debug|Any CPU
		{C15158DE-6F74-4345-9127-5E3EE4D2355C}.Debug|x86.Build.0 = Debug|Any CPU
		{C15158DE-6F74-4345-9127-5E3EE4D2355C}.Release|Any CPU.ActiveCfg = Release|Any CPU
		{C15158DE-6F74-4345-9127-5E3EE4D2355C}.Release|Any CPU.Build.0 = Release|Any CPU
		{C15158DE-6F74-4345-9127-5E3EE4D2355C}.Release|x64.ActiveCfg = Release|Any CPU
		{C15158DE-6F74-4345-9127-5E3EE4D2355C}.Release|x64.Build.0 = Release|Any CPU
		{C15158DE-6F74-4345-9127-5E3EE4D2355C}.Release|x86.ActiveCfg = Release|Any CPU
		{C15158DE-6F74-4345-9127-5E3EE4D2355C}.Release|x86.Build.0 = Release|Any CPU
		{51E0F8BB-BF23-4C91-86C7-925A20D2F40C}.Debug|Any CPU.ActiveCfg = Debug|Any CPU
		{51E0F8BB-BF23-4C91-86C7-925A20D2F40C}.Debug|Any CPU.Build.0 = Debug|Any CPU
		{51E0F8BB-BF23-4C91-86C7-925A20D2F40C}.Debug|x64.ActiveCfg = Debug|Any CPU
		{51E0F8BB-BF23-4C91-86C7-925A20D2F40C}.Debug|x64.Build.0 = Debug|Any CPU
		{51E0F8BB-BF23-4C91-86C7-925A20D2F40C}.Debug|x86.ActiveCfg = Debug|Any CPU
		{51E0F8BB-BF23-4C91-86C7-925A20D2F40C}.Debug|x86.Build.0 = Debug|Any CPU
		{51E0F8BB-BF23-4C91-86C7-925A20D2F40C}.Release|Any CPU.ActiveCfg = Release|Any CPU
		{51E0F8BB-BF23-4C91-86C7-925A20D2F40C}.Release|Any CPU.Build.0 = Release|Any CPU
		{51E0F8BB-BF23-4C91-86C7-925A20D2F40C}.Release|x64.ActiveCfg = Release|Any CPU
		{51E0F8BB-BF23-4C91-86C7-925A20D2F40C}.Release|x64.Build.0 = Release|Any CPU
		{51E0F8BB-BF23-4C91-86C7-925A20D2F40C}.Release|x86.ActiveCfg = Release|Any CPU
		{51E0F8BB-BF23-4C91-86C7-925A20D2F40C}.Release|x86.Build.0 = Release|Any CPU
		{6594797F-B667-47CF-8885-91E4399E7875}.Debug|Any CPU.ActiveCfg = Debug|Any CPU
		{6594797F-B667-47CF-8885-91E4399E7875}.Debug|Any CPU.Build.0 = Debug|Any CPU
		{6594797F-B667-47CF-8885-91E4399E7875}.Debug|x64.ActiveCfg = Debug|Any CPU
		{6594797F-B667-47CF-8885-91E4399E7875}.Debug|x64.Build.0 = Debug|Any CPU
		{6594797F-B667-47CF-8885-91E4399E7875}.Debug|x86.ActiveCfg = Debug|Any CPU
		{6594797F-B667-47CF-8885-91E4399E7875}.Debug|x86.Build.0 = Debug|Any CPU
		{6594797F-B667-47CF-8885-91E4399E7875}.Release|Any CPU.ActiveCfg = Release|Any CPU
		{6594797F-B667-47CF-8885-91E4399E7875}.Release|Any CPU.Build.0 = Release|Any CPU
		{6594797F-B667-47CF-8885-91E4399E7875}.Release|x64.ActiveCfg = Release|Any CPU
		{6594797F-B667-47CF-8885-91E4399E7875}.Release|x64.Build.0 = Release|Any CPU
		{6594797F-B667-47CF-8885-91E4399E7875}.Release|x86.ActiveCfg = Release|Any CPU
		{6594797F-B667-47CF-8885-91E4399E7875}.Release|x86.Build.0 = Release|Any CPU
	EndGlobalSection
	GlobalSection(NestedProjects) = preSolution
		{1BA0D59F-C3E3-4B69-8447-3F4F9D3903F3} = {636947BD-73C3-4247-86EF-87B5913064BC}
		{C15158DE-6F74-4345-9127-5E3EE4D2355C} = {636947BD-73C3-4247-86EF-87B5913064BC}
		{51E0F8BB-BF23-4C91-86C7-925A20D2F40C} = {636947BD-73C3-4247-86EF-87B5913064BC}
		{6594797F-B667-47CF-8885-91E4399E7875} = {636947BD-73C3-4247-86EF-87B5913064BC}
	EndGlobalSection
EndGlobal
