
Microsoft Visual Studio Solution File, Format Version 12.00
# Visual Studio 15
VisualStudioVersion = 15.0.26124.0
MinimumVisualStudioVersion = 15.0.26124.0
Project("{2150E333-8FDC-42A3-9474-1A3956D46DE8}") = "src", "src", "{0224F9C5-0549-403F-BA54-BA94F0135BFF}"
EndProject
Project("{FAE04EC0-301F-11D3-BF4B-00C04F79EFBC}") = "Api", "src\Api\Api.csproj", "{ECAB1966-DAF9-48D6-981C-785515849EE6}"
EndProject
Project("{FAE04EC0-301F-11D3-BF4B-00C04F79EFBC}") = "Client", "src\Client\Client.csproj", "{FDD62B16-720B-4271-A14D-024F20D8F01B}"
EndProject
Project("{FAE04EC0-301F-11D3-BF4B-00C04F79EFBC}") = "IdentityServer", "src\IdentityServer\IdentityServer.csproj", "{4F481E4F-0903-4EA6-9AB2-52FC115BA911}"
EndProject
Project("{FAE04EC0-301F-11D3-BF4B-00C04F79EFBC}") = "MVCClient", "src\MVCClient\MVCClient.csproj", "{C5DDB1DD-D3D9-433C-868E-09F0F76E9209}"
EndProject
Global
	GlobalSection(SolutionConfigurationPlatforms) = preSolution
		Debug|Any CPU = Debug|Any CPU
		Debug|x64 = Debug|x64
		Debug|x86 = Debug|x86
		Release|Any CPU = Release|Any CPU
		Release|x64 = Release|x64
		Release|x86 = Release|x86
	EndGlobalSection
	GlobalSection(SolutionProperties) = preSolution
		HideSolutionNode = FALSE
	EndGlobalSection
	GlobalSection(ProjectConfigurationPlatforms) = postSolution
		{ECAB1966-DAF9-48D6-981C-785515849EE6}.Debug|Any CPU.ActiveCfg = Debug|Any CPU
		{ECAB1966-DAF9-48D6-981C-785515849EE6}.Debug|Any CPU.Build.0 = Debug|Any CPU
		{ECAB1966-DAF9-48D6-981C-785515849EE6}.Debug|x64.ActiveCfg = Debug|Any CPU
		{ECAB1966-DAF9-48D6-981C-785515849EE6}.Debug|x64.Build.0 = Debug|Any CPU
		{ECAB1966-DAF9-48D6-981C-785515849EE6}.Debug|x86.ActiveCfg = Debug|Any CPU
		{ECAB1966-DAF9-48D6-981C-785515849EE6}.Debug|x86.Build.0 = Debug|Any CPU
		{ECAB1966-DAF9-48D6-981C-785515849EE6}.Release|Any CPU.ActiveCfg = Release|Any CPU
		{ECAB1966-DAF9-48D6-981C-785515849EE6}.Release|Any CPU.Build.0 = Release|Any CPU
		{ECAB1966-DAF9-48D6-981C-785515849EE6}.Release|x64.ActiveCfg = Release|Any CPU
		{ECAB1966-DAF9-48D6-981C-785515849EE6}.Release|x64.Build.0 = Release|Any CPU
		{ECAB1966-DAF9-48D6-981C-785515849EE6}.Release|x86.ActiveCfg = Release|Any CPU
		{ECAB1966-DAF9-48D6-981C-785515849EE6}.Release|x86.Build.0 = Release|Any CPU
		{FDD62B16-720B-4271-A14D-024F20D8F01B}.Debug|Any CPU.ActiveCfg = Debug|Any CPU
		{FDD62B16-720B-4271-A14D-024F20D8F01B}.Debug|Any CPU.Build.0 = Debug|Any CPU
		{FDD62B16-720B-4271-A14D-024F20D8F01B}.Debug|x64.ActiveCfg = Debug|Any CPU
		{FDD62B16-720B-4271-A14D-024F20D8F01B}.Debug|x64.Build.0 = Debug|Any CPU
		{FDD62B16-720B-4271-A14D-024F20D8F01B}.Debug|x86.ActiveCfg = Debug|Any CPU
		{FDD62B16-720B-4271-A14D-024F20D8F01B}.Debug|x86.Build.0 = Debug|Any CPU
		{FDD62B16-720B-4271-A14D-024F20D8F01B}.Release|Any CPU.ActiveCfg = Release|Any CPU
		{FDD62B16-720B-4271-A14D-024F20D8F01B}.Release|Any CPU.Build.0 = Release|Any CPU
		{FDD62B16-720B-4271-A14D-024F20D8F01B}.Release|x64.ActiveCfg = Release|Any CPU
		{FDD62B16-720B-4271-A14D-024F20D8F01B}.Release|x64.Build.0 = Release|Any CPU
		{FDD62B16-720B-4271-A14D-024F20D8F01B}.Release|x86.ActiveCfg = Release|Any CPU
		{FDD62B16-720B-4271-A14D-024F20D8F01B}.Release|x86.Build.0 = Release|Any CPU
		{4F481E4F-0903-4EA6-9AB2-52FC115BA911}.Debug|Any CPU.ActiveCfg = Debug|Any CPU
		{4F481E4F-0903-4EA6-9AB2-52FC115BA911}.Debug|Any CPU.Build.0 = Debug|Any CPU
		{4F481E4F-0903-4EA6-9AB2-52FC115BA911}.Debug|x64.ActiveCfg = Debug|Any CPU
		{4F481E4F-0903-4EA6-9AB2-52FC115BA911}.Debug|x64.Build.0 = Debug|Any CPU
		{4F481E4F-0903-4EA6-9AB2-52FC115BA911}.Debug|x86.ActiveCfg = Debug|Any CPU
		{4F481E4F-0903-4EA6-9AB2-52FC115BA911}.Debug|x86.Build.0 = Debug|Any CPU
		{4F481E4F-0903-4EA6-9AB2-52FC115BA911}.Release|Any CPU.ActiveCfg = Release|Any CPU
		{4F481E4F-0903-4EA6-9AB2-52FC115BA911}.Release|Any CPU.Build.0 = Release|Any CPU
		{4F481E4F-0903-4EA6-9AB2-52FC115BA911}.Release|x64.ActiveCfg = Release|Any CPU
		{4F481E4F-0903-4EA6-9AB2-52FC115BA911}.Release|x64.Build.0 = Release|Any CPU
		{4F481E4F-0903-4EA6-9AB2-52FC115BA911}.Release|x86.ActiveCfg = Release|Any CPU
		{4F481E4F-0903-4EA6-9AB2-52FC115BA911}.Release|x86.Build.0 = Release|Any CPU
		{C5DDB1DD-D3D9-433C-868E-09F0F76E9209}.Debug|Any CPU.ActiveCfg = Debug|Any CPU
		{C5DDB1DD-D3D9-433C-868E-09F0F76E9209}.Debug|Any CPU.Build.0 = Debug|Any CPU
		{C5DDB1DD-D3D9-433C-868E-09F0F76E9209}.Debug|x64.ActiveCfg = Debug|Any CPU
		{C5DDB1DD-D3D9-433C-868E-09F0F76E9209}.Debug|x64.Build.0 = Debug|Any CPU
		{C5DDB1DD-D3D9-433C-868E-09F0F76E9209}.Debug|x86.ActiveCfg = Debug|Any CPU
		{C5DDB1DD-D3D9-433C-868E-09F0F76E9209}.Debug|x86.Build.0 = Debug|Any CPU
		{C5DDB1DD-D3D9-433C-868E-09F0F76E9209}.Release|Any CPU.ActiveCfg = Release|Any CPU
		{C5DDB1DD-D3D9-433C-868E-09F0F76E9209}.Release|Any CPU.Build.0 = Release|Any CPU
		{C5DDB1DD-D3D9-433C-868E-09F0F76E9209}.Release|x64.ActiveCfg = Release|Any CPU
		{C5DDB1DD-D3D9-433C-868E-09F0F76E9209}.Release|x64.Build.0 = Release|Any CPU
		{C5DDB1DD-D3D9-433C-868E-09F0F76E9209}.Release|x86.ActiveCfg = Release|Any CPU
		{C5DDB1DD-D3D9-433C-868E-09F0F76E9209}.Release|x86.Build.0 = Release|Any CPU
	EndGlobalSection
	GlobalSection(NestedProjects) = preSolution
		{ECAB1966-DAF9-48D6-981C-785515849EE6} = {0224F9C5-0549-403F-BA54-BA94F0135BFF}
		{FDD62B16-720B-4271-A14D-024F20D8F01B} = {0224F9C5-0549-403F-BA54-BA94F0135BFF}
		{4F481E4F-0903-4EA6-9AB2-52FC115BA911} = {0224F9C5-0549-403F-BA54-BA94F0135BFF}
		{C5DDB1DD-D3D9-433C-868E-09F0F76E9209} = {0224F9C5-0549-403F-BA54-BA94F0135BFF}
	EndGlobalSection
EndGlobal
